
Microsoft Visual Studio Solution File, Format Version 12.00
# Visual Studio Version 17
VisualStudioVersion = 17.0.31903.59
MinimumVisualStudioVersion = 10.0.40219.1
Project("{2150E333-8FDC-42A3-9474-1A3956D46DE8}") = "services", "services", "{02277A82-DAAE-4F3F-9727-F9C4BAE5D297}"
EndProject
Project("{2150E333-8FDC-42A3-9474-1A3956D46DE8}") = "identity", "identity", "{2214379B-E700-4DF5-B5E7-C2BEC11A7FFA}"
EndProject
Project("{2150E333-8FDC-42A3-9474-1A3956D46DE8}") = "CargoTrack.Services.Identity.API", "CargoTrack.Services.Identity.API", "{E8395715-13F1-472B-B6CE-D79CDD721F1F}"
EndProject
Project("{9A19103F-16F7-4668-BE54-9A1E7A4F7556}") = "CargoTrack.Services.Identity.API", "services\identity\CargoTrack.Services.Identity.API\CargoTrack.Services.Identity.API.csproj", "{DD48DB40-90DB-41AB-9A13-85A502DA566B}"
EndProject
Project("{2150E333-8FDC-42A3-9474-1A3956D46DE8}") = "CargoTrack.Services.Identity.API.Tests", "CargoTrack.Services.Identity.API.Tests", "{07D42F61-9C1A-44B3-98C9-74F1AC432DEB}"
EndProject
Project("{2150E333-8FDC-42A3-9474-1A3956D46DE8}") = "tests", "tests", "{13483900-335A-46FB-BFB9-17280EC5CA07}"
EndProject
Project("{9A19103F-16F7-4668-BE54-9A1E7A4F7556}") = "CargoTrack.Services.Identity.API.Tests", "tests\CargoTrack.Services.Identity.API.Tests\CargoTrack.Services.Identity.API.Tests.csproj", "{4CBD105D-4F1D-4500-BB71-310CF76F6822}"
EndProject
Project("{2150E333-8FDC-42A3-9474-1A3956D46DE8}") = "docker", "docker", "{ACC838F5-09F7-460A-8A3E-8188667C057A}"
EndProject
Project("{2150E333-8FDC-42A3-9474-1A3956D46DE8}") = "notification", "notification", "{5A028B1A-EA69-4049-B281-B363D40DBCB8}"
EndProject
Project("{2150E333-8FDC-42A3-9474-1A3956D46DE8}") = "tracking", "tracking", "{88D0632C-E625-4941-95D0-98E71E28501B}"
EndProject
Project("{2150E333-8FDC-42A3-9474-1A3956D46DE8}") = "CargoTrack.Services.Notification.API", "CargoTrack.Services.Notification.API", "{114D906C-B5CC-43B1-8537-730C469B1B62}"
EndProject
Project("{2150E333-8FDC-42A3-9474-1A3956D46DE8}") = "CargoTrack.Services.Tracking.API", "CargoTrack.Services.Tracking.API", "{20D7D31D-ACB6-4730-B336-693C642BA337}"
EndProject
Project("{9A19103F-16F7-4668-BE54-9A1E7A4F7556}") = "CargoTrack.Services.Notification.API", "services\notification\CargoTrack.Services.Notification.API\CargoTrack.Services.Notification.API.csproj", "{1BECC050-59BF-4152-9BC1-01ACDFACE9F4}"
EndProject
Project("{9A19103F-16F7-4668-BE54-9A1E7A4F7556}") = "CargoTrack.Services.Tracking.API", "services\tracking\CargoTrack.Services.Tracking.API\CargoTrack.Services.Tracking.API.csproj", "{5D9D93B0-ADA3-4338-91D5-29E5DA0629F8}"
EndProject
Project("{2150E333-8FDC-42A3-9474-1A3956D46DE8}") = "offer", "offer", "{3A6B7FEA-E19C-4284-8341-FC7A4978A6F6}"
EndProject
Project("{2150E333-8FDC-42A3-9474-1A3956D46DE8}") = "CargoTrack.Services.Offer.API", "CargoTrack.Services.Offer.API", "{9BEBE49A-AAB1-4229-908A-62EC73CEA8C9}"
EndProject
Project("{9A19103F-16F7-4668-BE54-9A1E7A4F7556}") = "CargoTrack.Services.Offer.API", "services\offer\CargoTrack.Services.Offer.API\CargoTrack.Services.Offer.API.csproj", "{86EC6566-259D-41A8-9629-670743E301DC}"
EndProject
Global
	GlobalSection(SolutionConfigurationPlatforms) = preSolution
		Debug|Any CPU = Debug|Any CPU
		Release|Any CPU = Release|Any CPU
	EndGlobalSection
	GlobalSection(ProjectConfigurationPlatforms) = postSolution
		{DD48DB40-90DB-41AB-9A13-85A502DA566B}.Debug|Any CPU.ActiveCfg = Debug|Any CPU
		{DD48DB40-90DB-41AB-9A13-85A502DA566B}.Debug|Any CPU.Build.0 = Debug|Any CPU
		{DD48DB40-90DB-41AB-9A13-85A502DA566B}.Release|Any CPU.ActiveCfg = Release|Any CPU
		{DD48DB40-90DB-41AB-9A13-85A502DA566B}.Release|Any CPU.Build.0 = Release|Any CPU
		{4CBD105D-4F1D-4500-BB71-310CF76F6822}.Debug|Any CPU.ActiveCfg = Debug|Any CPU
		{4CBD105D-4F1D-4500-BB71-310CF76F6822}.Debug|Any CPU.Build.0 = Debug|Any CPU
		{4CBD105D-4F1D-4500-BB71-310CF76F6822}.Release|Any CPU.ActiveCfg = Release|Any CPU
		{4CBD105D-4F1D-4500-BB71-310CF76F6822}.Release|Any CPU.Build.0 = Release|Any CPU
		{1BECC050-59BF-4152-9BC1-01ACDFACE9F4}.Debug|Any CPU.ActiveCfg = Debug|Any CPU
		{1BECC050-59BF-4152-9BC1-01ACDFACE9F4}.Debug|Any CPU.Build.0 = Debug|Any CPU
		{1BECC050-59BF-4152-9BC1-01ACDFACE9F4}.Release|Any CPU.ActiveCfg = Release|Any CPU
		{1BECC050-59BF-4152-9BC1-01ACDFACE9F4}.Release|Any CPU.Build.0 = Release|Any CPU
		{5D9D93B0-ADA3-4338-91D5-29E5DA0629F8}.Debug|Any CPU.ActiveCfg = Debug|Any CPU
		{5D9D93B0-ADA3-4338-91D5-29E5DA0629F8}.Debug|Any CPU.Build.0 = Debug|Any CPU
		{5D9D93B0-ADA3-4338-91D5-29E5DA0629F8}.Release|Any CPU.ActiveCfg = Release|Any CPU
		{5D9D93B0-ADA3-4338-91D5-29E5DA0629F8}.Release|Any CPU.Build.0 = Release|Any CPU
		{86EC6566-259D-41A8-9629-670743E301DC}.Debug|Any CPU.ActiveCfg = Debug|Any CPU
		{86EC6566-259D-41A8-9629-670743E301DC}.Debug|Any CPU.Build.0 = Debug|Any CPU
		{86EC6566-259D-41A8-9629-670743E301DC}.Release|Any CPU.ActiveCfg = Release|Any CPU
		{86EC6566-259D-41A8-9629-670743E301DC}.Release|Any CPU.Build.0 = Release|Any CPU
	EndGlobalSection
	GlobalSection(SolutionProperties) = preSolution
		HideSolutionNode = FALSE
	EndGlobalSection
	GlobalSection(NestedProjects) = preSolution
		{2214379B-E700-4DF5-B5E7-C2BEC11A7FFA} = {02277A82-DAAE-4F3F-9727-F9C4BAE5D297}
		{E8395715-13F1-472B-B6CE-D79CDD721F1F} = {2214379B-E700-4DF5-B5E7-C2BEC11A7FFA}
		{DD48DB40-90DB-41AB-9A13-85A502DA566B} = {E8395715-13F1-472B-B6CE-D79CDD721F1F}
		{07D42F61-9C1A-44B3-98C9-74F1AC432DEB} = {13483900-335A-46FB-BFB9-17280EC5CA07}
		{4CBD105D-4F1D-4500-BB71-310CF76F6822} = {07D42F61-9C1A-44B3-98C9-74F1AC432DEB}
		{5A028B1A-EA69-4049-B281-B363D40DBCB8} = {02277A82-DAAE-4F3F-9727-F9C4BAE5D297}
		{88D0632C-E625-4941-95D0-98E71E28501B} = {02277A82-DAAE-4F3F-9727-F9C4BAE5D297}
		{114D906C-B5CC-43B1-8537-730C469B1B62} = {5A028B1A-EA69-4049-B281-B363D40DBCB8}
		{20D7D31D-ACB6-4730-B336-693C642BA337} = {88D0632C-E625-4941-95D0-98E71E28501B}
		{1BECC050-59BF-4152-9BC1-01ACDFACE9F4} = {114D906C-B5CC-43B1-8537-730C469B1B62}
		{5D9D93B0-ADA3-4338-91D5-29E5DA0629F8} = {20D7D31D-ACB6-4730-B336-693C642BA337}
		{3A6B7FEA-E19C-4284-8341-FC7A4978A6F6} = {02277A82-DAAE-4F3F-9727-F9C4BAE5D297}
		{9BEBE49A-AAB1-4229-908A-62EC73CEA8C9} = {3A6B7FEA-E19C-4284-8341-FC7A4978A6F6}
		{86EC6566-259D-41A8-9629-670743E301DC} = {9BEBE49A-AAB1-4229-908A-62EC73CEA8C9}
	EndGlobalSection
	GlobalSection(ExtensibilityGlobals) = postSolution
		SolutionGuid = {36F9270C-A48C-4695-8649-6710F81D38D2}
	EndGlobalSection
EndGlobal
